
Microsoft Visual Studio Solution File, Format Version 12.00
# Visual Studio Version 17
VisualStudioVersion = 17.0.31903.59
MinimumVisualStudioVersion = 10.0.40219.1
Project("{2150E333-8FDC-42A3-9474-1A3956D46DE8}") = "src", "src", "{827E0CD3-B72D-47B6-A68D-7590B98EB39B}"
EndProject
Project("{FAE04EC0-301F-11D3-BF4B-00C04F79EFBC}") = "TR.Maui.MainThreadOnlyAnalyzer", "src\TR.Maui.MainThreadOnlyAnalyzer\TR.Maui.MainThreadOnlyAnalyzer.csproj", "{F8E373CA-7308-4AF1-A056-2BD2DE1B28BB}"
EndProject
Project("{2150E333-8FDC-42A3-9474-1A3956D46DE8}") = "test", "test", "{0C88DD14-F956-CE84-757C-A364CCF449FC}"
EndProject
Project("{FAE04EC0-301F-11D3-BF4B-00C04F79EFBC}") = "TR.Maui.MainThreadOnlyAnalyzer.Tests", "test\TR.Maui.MainThreadOnlyAnalyzer.Tests\TR.Maui.MainThreadOnlyAnalyzer.Tests.csproj", "{C2F4E0F6-FC7A-462A-9D9E-E49776CC2BF9}"
EndProject
Project("{2150E333-8FDC-42A3-9474-1A3956D46DE8}") = "samples", "samples", "{A1B2C3D4-E5F6-7890-ABCD-EF1234567890}"
EndProject
Project("{FAE04EC0-301F-11D3-BF4B-00C04F79EFBC}") = "TR.Maui.MainThreadOnlyAnalyzer.Sample", "samples\TR.Maui.MainThreadOnlyAnalyzer.Sample\TR.Maui.MainThreadOnlyAnalyzer.Sample.csproj", "{D1E2F3A4-B5C6-7890-DCBA-FE0987654321}"
EndProject
Global
	GlobalSection(SolutionConfigurationPlatforms) = preSolution
		Debug|Any CPU = Debug|Any CPU
		Debug|x64 = Debug|x64
		Debug|x86 = Debug|x86
		Release|Any CPU = Release|Any CPU
		Release|x64 = Release|x64
		Release|x86 = Release|x86
	EndGlobalSection
	GlobalSection(ProjectConfigurationPlatforms) = postSolution
		{8B230E17-4688-477F-AAEF-A3079AFEEE86}.Debug|Any CPU.ActiveCfg = Debug|Any CPU
		{8B230E17-4688-477F-AAEF-A3079AFEEE86}.Debug|Any CPU.Build.0 = Debug|Any CPU
		{8B230E17-4688-477F-AAEF-A3079AFEEE86}.Debug|x64.ActiveCfg = Debug|Any CPU
		{8B230E17-4688-477F-AAEF-A3079AFEEE86}.Debug|x64.Build.0 = Debug|Any CPU
		{8B230E17-4688-477F-AAEF-A3079AFEEE86}.Debug|x86.ActiveCfg = Debug|Any CPU
		{8B230E17-4688-477F-AAEF-A3079AFEEE86}.Debug|x86.Build.0 = Debug|Any CPU
		{8B230E17-4688-477F-AAEF-A3079AFEEE86}.Release|Any CPU.ActiveCfg = Release|Any CPU
		{8B230E17-4688-477F-AAEF-A3079AFEEE86}.Release|Any CPU.Build.0 = Release|Any CPU
		{8B230E17-4688-477F-AAEF-A3079AFEEE86}.Release|x64.ActiveCfg = Release|Any CPU
		{8B230E17-4688-477F-AAEF-A3079AFEEE86}.Release|x64.Build.0 = Release|Any CPU
		{8B230E17-4688-477F-AAEF-A3079AFEEE86}.Release|x86.ActiveCfg = Release|Any CPU
		{8B230E17-4688-477F-AAEF-A3079AFEEE86}.Release|x86.Build.0 = Release|Any CPU
		{F8E373CA-7308-4AF1-A056-2BD2DE1B28BB}.Debug|Any CPU.ActiveCfg = Debug|Any CPU
		{F8E373CA-7308-4AF1-A056-2BD2DE1B28BB}.Debug|Any CPU.Build.0 = Debug|Any CPU
		{F8E373CA-7308-4AF1-A056-2BD2DE1B28BB}.Debug|x64.ActiveCfg = Debug|Any CPU
		{F8E373CA-7308-4AF1-A056-2BD2DE1B28BB}.Debug|x64.Build.0 = Debug|Any CPU
		{F8E373CA-7308-4AF1-A056-2BD2DE1B28BB}.Debug|x86.ActiveCfg = Debug|Any CPU
		{F8E373CA-7308-4AF1-A056-2BD2DE1B28BB}.Debug|x86.Build.0 = Debug|Any CPU
		{F8E373CA-7308-4AF1-A056-2BD2DE1B28BB}.Release|Any CPU.ActiveCfg = Release|Any CPU
		{F8E373CA-7308-4AF1-A056-2BD2DE1B28BB}.Release|Any CPU.Build.0 = Release|Any CPU
		{F8E373CA-7308-4AF1-A056-2BD2DE1B28BB}.Release|x64.ActiveCfg = Release|Any CPU
		{F8E373CA-7308-4AF1-A056-2BD2DE1B28BB}.Release|x64.Build.0 = Release|Any CPU
		{F8E373CA-7308-4AF1-A056-2BD2DE1B28BB}.Release|x86.ActiveCfg = Release|Any CPU
		{F8E373CA-7308-4AF1-A056-2BD2DE1B28BB}.Release|x86.Build.0 = Release|Any CPU
		{C2F4E0F6-FC7A-462A-9D9E-E49776CC2BF9}.Debug|Any CPU.ActiveCfg = Debug|Any CPU
		{C2F4E0F6-FC7A-462A-9D9E-E49776CC2BF9}.Debug|Any CPU.Build.0 = Debug|Any CPU
		{C2F4E0F6-FC7A-462A-9D9E-E49776CC2BF9}.Debug|x64.ActiveCfg = Debug|Any CPU
		{C2F4E0F6-FC7A-462A-9D9E-E49776CC2BF9}.Debug|x64.Build.0 = Debug|Any CPU
		{C2F4E0F6-FC7A-462A-9D9E-E49776CC2BF9}.Debug|x86.ActiveCfg = Debug|Any CPU
		{C2F4E0F6-FC7A-462A-9D9E-E49776CC2BF9}.Debug|x86.Build.0 = Debug|Any CPU
		{C2F4E0F6-FC7A-462A-9D9E-E49776CC2BF9}.Release|Any CPU.ActiveCfg = Release|Any CPU
		{C2F4E0F6-FC7A-462A-9D9E-E49776CC2BF9}.Release|Any CPU.Build.0 = Release|Any CPU
		{C2F4E0F6-FC7A-462A-9D9E-E49776CC2BF9}.Release|x64.ActiveCfg = Release|Any CPU
		{C2F4E0F6-FC7A-462A-9D9E-E49776CC2BF9}.Release|x64.Build.0 = Release|Any CPU
		{C2F4E0F6-FC7A-462A-9D9E-E49776CC2BF9}.Release|x86.ActiveCfg = Release|Any CPU
		{C2F4E0F6-FC7A-462A-9D9E-E49776CC2BF9}.Release|x86.Build.0 = Release|Any CPU
		{D1E2F3A4-B5C6-7890-DCBA-FE0987654321}.Debug|Any CPU.ActiveCfg = Debug|Any CPU
		{D1E2F3A4-B5C6-7890-DCBA-FE0987654321}.Debug|Any CPU.Build.0 = Debug|Any CPU
		{D1E2F3A4-B5C6-7890-DCBA-FE0987654321}.Debug|x64.ActiveCfg = Debug|Any CPU
		{D1E2F3A4-B5C6-7890-DCBA-FE0987654321}.Debug|x64.Build.0 = Debug|Any CPU
		{D1E2F3A4-B5C6-7890-DCBA-FE0987654321}.Debug|x86.ActiveCfg = Debug|Any CPU
		{D1E2F3A4-B5C6-7890-DCBA-FE0987654321}.Debug|x86.Build.0 = Debug|Any CPU
		{D1E2F3A4-B5C6-7890-DCBA-FE0987654321}.Release|Any CPU.ActiveCfg = Release|Any CPU
		{D1E2F3A4-B5C6-7890-DCBA-FE0987654321}.Release|Any CPU.Build.0 = Release|Any CPU
		{D1E2F3A4-B5C6-7890-DCBA-FE0987654321}.Release|x64.ActiveCfg = Release|Any CPU
		{D1E2F3A4-B5C6-7890-DCBA-FE0987654321}.Release|x64.Build.0 = Release|Any CPU
		{D1E2F3A4-B5C6-7890-DCBA-FE0987654321}.Release|x86.ActiveCfg = Release|Any CPU
		{D1E2F3A4-B5C6-7890-DCBA-FE0987654321}.Release|x86.Build.0 = Release|Any CPU
	EndGlobalSection
	GlobalSection(SolutionProperties) = preSolution
		HideSolutionNode = FALSE
	EndGlobalSection
	GlobalSection(NestedProjects) = preSolution
		{F8E373CA-7308-4AF1-A056-2BD2DE1B28BB} = {827E0CD3-B72D-47B6-A68D-7590B98EB39B}
		{C2F4E0F6-FC7A-462A-9D9E-E49776CC2BF9} = {0C88DD14-F956-CE84-757C-A364CCF449FC}
		{D1E2F3A4-B5C6-7890-DCBA-FE0987654321} = {A1B2C3D4-E5F6-7890-ABCD-EF1234567890}
	EndGlobalSection
EndGlobal
